Microsoft Visual Studio Solution File, Format Version 12.00
# Visual Studio Version 17
VisualStudioVersion = 17.5.2.0
MinimumVisualStudioVersion = 10.0.40219.1
Project("{FAE04EC0-301F-11D3-BF4B-00C04F79EFBC}") = "ex022", "ex022.csproj", "{261D72D0-D62A-363C-BBA0-F2B2B78D1131}"
EndProject
Global
	GlobalSection(SolutionConfigurationPlatforms) = preSolution
		Debug|Any CPU = Debug|Any CPU
		Release|Any CPU = Release|Any CPU
	EndGlobalSection
	GlobalSection(ProjectConfigurationPlatforms) = postSolution
		{261D72D0-D62A-363C-BBA0-F2B2B78D1131}.Debug|Any CPU.ActiveCfg = Debug|Any CPU
		{261D72D0-D62A-363C-BBA0-F2B2B78D1131}.Debug|Any CPU.Build.0 = Debug|Any CPU
		{261D72D0-D62A-363C-BBA0-F2B2B78D1131}.Release|Any CPU.ActiveCfg = Release|Any CPU
		{261D72D0-D62A-363C-BBA0-F2B2B78D1131}.Release|Any CPU.Build.0 = Release|Any CPU
	EndGlobalSection
	GlobalSection(SolutionProperties) = preSolution
		HideSolutionNode = FALSE
	EndGlobalSection
	GlobalSection(ExtensibilityGlobals) = postSolution
		SolutionGuid = {6FB16511-88F8-4750-AF54-46D873195359}
	EndGlobalSection
EndGlobal
